
Microsoft Visual Studio Solution File, Format Version 12.00
# Visual Studio Version 17
VisualStudioVersion = 17.4.33213.308
MinimumVisualStudioVersion = 10.0.40219.1
Project("{9A19103F-16F7-4668-BE54-9A1E7A4F7556}") = "CloudRMS", "CloudRMS\CloudRMS.csproj", "{F81E56EF-794A-4D78-B844-9E3FF83E27F3}"
EndProject
Project("{9A19103F-16F7-4668-BE54-9A1E7A4F7556}") = "SOLIDPrinciple", "SOLIDPrinciple\SOLIDPrinciple.csproj", "{76CC3963-4A54-49F3-8AEB-3F0462B61B90}"
EndProject
Project("{9A19103F-16F7-4668-BE54-9A1E7A4F7556}") = "SOLIDConsoleApp", "SOLIDConsoleApp\SOLIDConsoleApp.csproj", "{27382E66-4786-4472-B9DF-60B95C76EE49}"
EndProject
Project("{9A19103F-16F7-4668-BE54-9A1E7A4F7556}") = "CloudRMS.Test", "CloudRMS.Test\CloudRMS.Test.csproj", "{D6F63555-F590-471D-8D13-F5D4AD995C4D}"
EndProject
Project("{9A19103F-16F7-4668-BE54-9A1E7A4F7556}") = "FunctionAppAuthWithJWT", "FunctionAppAuthWithJWT\FunctionAppAuthWithJWT.csproj", "{81DF07AD-111A-4DAF-AB58-C8B0BD3CDADC}"
EndProject
Project("{9A19103F-16F7-4668-BE54-9A1E7A4F7556}") = "WebAppWithIdentity", "WebAppWithIdentity\WebAppWithIdentity.csproj", "{B854D962-0574-4E07-9FBC-4BB7584814EB}"
EndProject
Project("{FAE04EC0-301F-11D3-BF4B-00C04F79EFBC}") = "WebApp", "WebApp\WebApp.csproj", "{3DD6C6FD-18AC-422A-B2F1-9D08D40F7BB9}"
EndProject
Global
	GlobalSection(SolutionConfigurationPlatforms) = preSolution
		Debug|Any CPU = Debug|Any CPU
		Release|Any CPU = Release|Any CPU
	EndGlobalSection
	GlobalSection(ProjectConfigurationPlatforms) = postSolution
		{F81E56EF-794A-4D78-B844-9E3FF83E27F3}.Debug|Any CPU.ActiveCfg = Debug|Any CPU
		{F81E56EF-794A-4D78-B844-9E3FF83E27F3}.Debug|Any CPU.Build.0 = Debug|Any CPU
		{F81E56EF-794A-4D78-B844-9E3FF83E27F3}.Release|Any CPU.ActiveCfg = Release|Any CPU
		{F81E56EF-794A-4D78-B844-9E3FF83E27F3}.Release|Any CPU.Build.0 = Release|Any CPU
		{76CC3963-4A54-49F3-8AEB-3F0462B61B90}.Debug|Any CPU.ActiveCfg = Debug|Any CPU
		{76CC3963-4A54-49F3-8AEB-3F0462B61B90}.Debug|Any CPU.Build.0 = Debug|Any CPU
		{76CC3963-4A54-49F3-8AEB-3F0462B61B90}.Release|Any CPU.ActiveCfg = Release|Any CPU
		{76CC3963-4A54-49F3-8AEB-3F0462B61B90}.Release|Any CPU.Build.0 = Release|Any CPU
		{27382E66-4786-4472-B9DF-60B95C76EE49}.Debug|Any CPU.ActiveCfg = Debug|Any CPU
		{27382E66-4786-4472-B9DF-60B95C76EE49}.Debug|Any CPU.Build.0 = Debug|Any CPU
		{27382E66-4786-4472-B9DF-60B95C76EE49}.Release|Any CPU.ActiveCfg = Release|Any CPU
		{27382E66-4786-4472-B9DF-60B95C76EE49}.Release|Any CPU.Build.0 = Release|Any CPU
		{D6F63555-F590-471D-8D13-F5D4AD995C4D}.Debug|Any CPU.ActiveCfg = Debug|Any CPU
		{D6F63555-F590-471D-8D13-F5D4AD995C4D}.Debug|Any CPU.Build.0 = Debug|Any CPU
		{D6F63555-F590-471D-8D13-F5D4AD995C4D}.Release|Any CPU.ActiveCfg = Release|Any CPU
		{D6F63555-F590-471D-8D13-F5D4AD995C4D}.Release|Any CPU.Build.0 = Release|Any CPU
		{81DF07AD-111A-4DAF-AB58-C8B0BD3CDADC}.Debug|Any CPU.ActiveCfg = Debug|Any CPU
		{81DF07AD-111A-4DAF-AB58-C8B0BD3CDADC}.Debug|Any CPU.Build.0 = Debug|Any CPU
		{81DF07AD-111A-4DAF-AB58-C8B0BD3CDADC}.Release|Any CPU.ActiveCfg = Release|Any CPU
		{81DF07AD-111A-4DAF-AB58-C8B0BD3CDADC}.Release|Any CPU.Build.0 = Release|Any CPU
		{B854D962-0574-4E07-9FBC-4BB7584814EB}.Debug|Any CPU.ActiveCfg = Debug|Any CPU
		{B854D962-0574-4E07-9FBC-4BB7584814EB}.Debug|Any CPU.Build.0 = Debug|Any CPU
		{B854D962-0574-4E07-9FBC-4BB7584814EB}.Release|Any CPU.ActiveCfg = Release|Any CPU
		{B854D962-0574-4E07-9FBC-4BB7584814EB}.Release|Any CPU.Build.0 = Release|Any CPU
		{3DD6C6FD-18AC-422A-B2F1-9D08D40F7BB9}.Debug|Any CPU.ActiveCfg = Debug|Any CPU
		{3DD6C6FD-18AC-422A-B2F1-9D08D40F7BB9}.Debug|Any CPU.Build.0 = Debug|Any CPU
		{3DD6C6FD-18AC-422A-B2F1-9D08D40F7BB9}.Release|Any CPU.ActiveCfg = Release|Any CPU
		{3DD6C6FD-18AC-422A-B2F1-9D08D40F7BB9}.Release|Any CPU.Build.0 = Release|Any CPU
	EndGlobalSection
	GlobalSection(SolutionProperties) = preSolution
		HideSolutionNode = FALSE
	EndGlobalSection
	GlobalSection(ExtensibilityGlobals) = postSolution
		SolutionGuid = {58B0ED37-9893-44B6-8954-936D1F4B3FA6}
	EndGlobalSection
EndGlobal
